// !$*UTF8*$!
{
	archiveVersion = 1;
	classes = {
	};
	objectVersion = 46;
	objects = {

/* Begin PBXBuildFile section */
		91985B9F1BAFF85A00FD7144 /* main.m in Sources */ = {isa = PBXBuildFile; fileRef = 91985B9E1BAFF85A00FD7144 /* main.m */; };
		91985BA21BAFF85A00FD7144 /* AppDelegate.m in Sources */ = {isa = PBXBuildFile; fileRef = 91985BA11BAFF85A00FD7144 /* AppDelegate.m */; };
		91985BA51BAFF85A00FD7144 /* ViewController.m in Sources */ = {isa = PBXBuildFile; fileRef = 91985BA41BAFF85A00FD7144 /* ViewController.m */; };
		91985BA81BAFF85A00FD7144 /* Main.storyboard in Resources */ = {isa = PBXBuildFile; fileRef = 91985BA61BAFF85A00FD7144 /* Main.storyboard */; };
		91985BAA1BAFF85A00FD7144 /* Images.xcassets in Resources */ = {isa = PBXBuildFile; fileRef = 91985BA91BAFF85A00FD7144 /* Images.xcassets */; };
		91985BAD1BAFF85A00FD7144 /* LaunchScreen.xib in Resources */ = {isa = PBXBuildFile; fileRef = 91985BAB1BAFF85A00FD7144 /* LaunchScreen.xib */; };
		91985BB91BAFF85A00FD7144 /* MytableviewTests.m in Sources */ = {isa = PBXBuildFile; fileRef = 91985BB81BAFF85A00FD7144 /* MytableviewTests.m */; };
/* End PBXBuildFile section */

/* Begin PBXContainerItemProxy section */
		91985BB31BAFF85A00FD7144 /* PBXContainerItemProxy */ = {
			isa = PBXContainerItemProxy;
			containerPortal = 91985B911BAFF85A00FD7144 /* Project object */;
			proxyType = 1;
			remoteGlobalIDString = 91985B981BAFF85A00FD7144;
			remoteInfo = Mytableview;
		};
/* End PBXContainerItemProxy section */

/* Begin PBXFileReference section */
		91985B991BAFF85A00FD7144 /* Mytableview.app */ = {isa = PBXFileReference; explicitFileType = wrapper.application; includeInIndex = 0; path = Mytableview.app; sourceTree = BUILT_PRODUCTS_DIR; };
		91985B9D1BAFF85A00FD7144 /* Info.plist */ = {isa = PBXFileReference; lastKnownFileType = text.plist.xml; path = Info.plist; sourceTree = "<group>"; };
		91985B9E1BAFF85A00FD7144 /* main.m */ = {isa = PBXFileReference; lastKnownFileType = sourcecode.c.objc; path = main.m; sourceTree = "<group>"; };
		91985BA01BAFF85A00FD7144 /* AppDelegate.h */ = {isa = PBXFileReference; lastKnownFileType = sourcecode.c.h; path = AppDelegate.h; sourceTree = "<group>"; };
		91985BA11BAFF85A00FD7144 /* AppDelegate.m */ = {isa = PBXFileReference; lastKnownFileType = sourcecode.c.objc; path = AppDelegate.m; sourceTree = "<group>"; };
		91985BA31BAFF85A00FD7144 /* ViewController.h */ = {isa = PBXFileReference; lastKnownFileType = sourcecode.c.h; path = ViewController.h; sourceTree = "<group>"; };
		91985BA41BAFF85A00FD7144 /* ViewController.m */ = {isa = PBXFileReference; lastKnownFileType = sourcecode.c.objc; path = ViewController.m; sourceTree = "<group>"; };
		91985BA71BAFF85A00FD7144 /* Base */ = {isa = PBXFileReference; lastKnownFileType = file.storyboard; name = Base; path = Base.lproj/Main.storyboard; sourceTree = "<group>"; };
		91985BA91BAFF85A00FD7144 /* Images.xcassets */ = {isa = PBXFileReference; lastKnownFileType = folder.assetcatalog; path = Images.xcassets; sourceTree = "<group>"; };
		91985BAC1BAFF85A00FD7144 /* Base */ = {isa = PBXFileReference; lastKnownFileType = file.xib; name = Base; path = Base.lproj/LaunchScreen.xib; sourceTree = "<group>"; };
		91985BB21BAFF85A00FD7144 /* MytableviewTests.xctest */ = {isa = PBXFileReference; explicitFileType = wrapper.cfbundle; includeInIndex = 0; path = MytableviewTests.xctest; sourceTree = BUILT_PRODUCTS_DIR; };
		91985BB71BAFF85A00FD7144 /* Info.plist */ = {isa = PBXFileReference; lastKnownFileType = text.plist.xml; path = Info.plist; sourceTree = "<group>"; };
		91985BB81BAFF85A00FD7144 /* MytableviewTests.m */ = {isa = PBXFileReference; lastKnownFileType = sourcecode.c.objc; path = MytableviewTests.m; sourceTree = "<group>"; };
/* End PBXFileReference section */

/* Begin PBXFrameworksBuildPhase section */
		91985B961BAFF85A00FD7144 /* Frameworks */ = {
			isa = PBXFrameworksBuildPhase;
			buildActionMask = 2147483647;
			files = (
			);
			runOnlyForDeploymentPostprocessing = 0;
		};
		91985BAF1BAFF85A00FD7144 /* Frameworks */ = {
			isa = PBXFrameworksBuildPhase;
			buildActionMask = 2147483647;
			files = (
			);
			runOnlyForDeploymentPostprocessing = 0;
		};
/* End PBXFrameworksBuildPhase section */

/* Begin PBXGroup section */
		91985B901BAFF85A00FD7144 = {
			isa = PBXGroup;
			children = (
				91985B9B1BAFF85A00FD7144 /* Mytableview */,
				91985BB51BAFF85A00FD7144 /* MytableviewTests */,
				91985B9A1BAFF85A00FD7144 /* Products */,
			);
			sourceTree = "<group>";
		};
		91985B9A1BAFF85A00FD7144 /* Products */ = {
			isa = PBXGroup;
			children = (
				91985B991BAFF85A00FD7144 /* Mytableview.app */,
				91985BB21BAFF85A00FD7144 /* MytableviewTests.xctest */,
			);
			name = Products;
			sourceTree = "<group>";
		};
		91985B9B1BAFF85A00FD7144 /* Mytableview */ = {
			isa = PBXGroup;
			children = (
				91985BA01BAFF85A00FD7144 /* AppDelegate.h */,
				91985BA11BAFF85A00FD7144 /* AppDelegate.m */,
				91985BA31BAFF85A00FD7144 /* ViewController.h */,
				91985BA41BAFF85A00FD7144 /* ViewController.m */,
				91985BA61BAFF85A00FD7144 /* Main.storyboard */,
				91985BA91BAFF85A00FD7144 /* Images.xcassets */,
				91985BAB1BAFF85A00FD7144 /* LaunchScreen.xib */,
				91985B9C1BAFF85A00FD7144 /* Supporting Files */,
			);
			path = Mytableview;
			sourceTree = "<group>";
		};
		91985B9C1BAFF85A00FD7144 /* Supporting Files */ = {
			isa = PBXGroup;
			children = (
				91985B9D1BAFF85A00FD7144 /* Info.plist */,
				91985B9E1BAFF85A00FD7144 /* main.m */,
			);
			name = "Supporting Files";
			sourceTree = "<group>";
		};
		91985BB51BAFF85A00FD7144 /* MytableviewTests */ = {
			isa = PBXGroup;
			children = (
				91985BB81BAFF85A00FD7144 /* MytableviewTests.m */,
				91985BB61BAFF85A00FD7144 /* Supporting Files */,
			);
			path = MytableviewTests;
			sourceTree = "<group>";
		};
		91985BB61BAFF85A00FD7144 /* Supporting Files */ = {
			isa = PBXGroup;
			children = (
				91985BB71BAFF85A00FD7144 /* Info.plist */,
			);
			name = "Supporting Files";
			sourceTree = "<group>";
		};
/* End PBXGroup section */

/* Begin PBXNativeTarget section */
		91985B981BAFF85A00FD7144 /* Mytableview */ = {
			isa = PBXNativeTarget;
			buildConfigurationList = 91985BBC1BAFF85A00FD7144 /* Build configuration list for PBXNativeTarget "Mytableview" */;
			buildPhases = (
				91985B951BAFF85A00FD7144 /* Sources */,
				91985B961BAFF85A00FD7144 /* Frameworks */,
				91985B971BAFF85A00FD7144 /* Resources */,
			);
			buildRules = (
			);
			dependencies = (
			);
			name = Mytableview;
			productName = Mytableview;
			productReference = 91985B991BAFF85A00FD7144 /* Mytableview.app */;
			productType = "com.apple.product-type.application";
		};
		91985BB11BAFF85A00FD7144 /* MytableviewTests */ = {
			isa = PBXNativeTarget;
			buildConfigurationList = 91985BBF1BAFF85A00FD7144 /* Build configuration list for PBXNativeTarget "MytableviewTests" */;
			buildPhases = (
				91985BAE1BAFF85A00FD7144 /* Sources */,
				91985BAF1BAFF85A00FD7144 /* Frameworks */,
				91985BB01BAFF85A00FD7144 /* Resources */,
			);
			buildRules = (
			);
			dependencies = (
				91985BB41BAFF85A00FD7144 /* PBXTargetDependency */,
			);
			name = MytableviewTests;
			productName = MytableviewTests;
			productReference = 91985BB21BAFF85A00FD7144 /* MytableviewTests.xctest */;
			productType = "com.apple.product-type.bundle.unit-test";
		};
/* End PBXNativeTarget section */

/* Begin PBXProject section */
		91985B911BAFF85A00FD7144 /* Project object */ = {
			isa = PBXProject;
			attributes = {
				LastUpgradeCheck = 0640;
				ORGANIZATIONNAME = "zhixian ";
				TargetAttributes = {
					91985B981BAFF85A00FD7144 = {
						CreatedOnToolsVersion = 6.4;
					};
					91985BB11BAFF85A00FD7144 = {
						CreatedOnToolsVersion = 6.4;
						TestTargetID = 91985B981BAFF85A00FD7144;
					};
				};
			};
			buildConfigurationList = 91985B941BAFF85A00FD7144 /* Build configuration list for PBXProject "Mytableview" */;
			compatibilityVersion = "Xcode 3.2";
			developmentRegion = English;
			hasScannedForEncodings = 0;
			knownRegions = (
				en,
				Base,
			);
			mainGroup = 91985B901BAFF85A00FD7144;
			productRefGroup = 91985B9A1BAFF85A00FD7144 /* Products */;
			projectDirPath = "";
			projectRoot = "";
			targets = (
				91985B981BAFF85A00FD7144 /* Mytableview */,
				91985BB11BAFF85A00FD7144 /* MytableviewTests */,
			);
		};
/* End PBXProject section */

/* Begin PBXResourcesBuildPhase section */
		91985B971BAFF85A00FD7144 /* Resources */ = {
			isa = PBXResourcesBuildPhase;
			buildActionMask = 2147483647;
			files = (
				91985BA81BAFF85A00FD7144 /* Main.storyboard in Resources */,
				91985BAD1BAFF85A00FD7144 /* LaunchScreen.xib in Resources */,
				91985BAA1BAFF85A00FD7144 /* Images.xcassets in Resources */,
			);
			runOnlyForDeploymentPostprocessing = 0;
		};
		91985BB01BAFF85A00FD7144 /* Resources */ = {
			isa = PBXResourcesBuildPhase;
			buildActionMask = 2147483647;
			files = (
			);
			runOnlyForDeploymentPostprocessing = 0;
		};
/* End PBXResourcesBuildPhase section */

/* Begin PBXSourcesBuildPhase section */
		91985B951BAFF85A00FD7144 /* Sources */ = {
			isa = PBXSourcesBuildPhase;
			buildActionMask = 2147483647;
			files = (
				91985BA51BAFF85A00FD7144 /* ViewController.m in Sources */,
				91985BA21BAFF85A00FD7144 /* AppDelegate.m in Sources */,
				91985B9F1BAFF85A00FD7144 /* main.m in Sources */,
			);
			runOnlyForDeploymentPostprocessing = 0;
		};
		91985BAE1BAFF85A00FD7144 /* Sources */ = {
			isa = PBXSourcesBuildPhase;
			buildActionMask = 2147483647;
			files = (
				91985BB91BAFF85A00FD7144 /* MytableviewTests.m in Sources */,
			);
			runOnlyForDeploymentPostprocessing = 0;
		};
/* End PBXSourcesBuildPhase section */

/* Begin PBXTargetDependency section */
		91985BB41BAFF85A00FD7144 /* PBXTargetDependency */ = {
			isa = PBXTargetDependency;
			target = 91985B981BAFF85A00FD7144 /* Mytableview */;
			targetProxy = 91985BB31BAFF85A00FD7144 /* PBXContainerItemProxy */;
		};
/* End PBXTargetDependency section */

/* Begin PBXVariantGroup section */
		91985BA61BAFF85A00FD7144 /* Main.storyboard */ = {
			isa = PBXVariantGroup;
			children = (
				91985BA71BAFF85A00FD7144 /* Base */,
			);
			name = Main.storyboard;
			sourceTree = "<group>";
		};
		91985BAB1BAFF85A00FD7144 /* LaunchScreen.xib */ = {
			isa = PBXVariantGroup;
			children = (
				91985BAC1BAFF85A00FD7144 /* Base */,
			);
			name = LaunchScreen.xib;
			sourceTree = "<group>";
		};
/* End PBXVariantGroup section */

/* Begin XCBuildConfiguration section */
		91985BBA1BAFF85A00FD7144 /* Debug */ = {
			isa = XCBuildConfiguration;
			buildSettings = {
				ALWAYS_SEARCH_USER_PATHS = NO;
				CLANG_CXX_LANGUAGE_STANDARD = "gnu++0x";
				CLANG_CXX_LIBRARY = "libc++";
				CLANG_ENABLE_MODULES = YES;
				CLANG_ENABLE_OBJC_ARC = YES;
				CLANG_WARN_BOOL_CONVERSION = YES;
				CLANG_WARN_CONSTANT_CONVERSION = YES;
				CLANG_WARN_DIRECT_OBJC_ISA_USAGE = YES_ERROR;
				CLANG_WARN_EMPTY_BODY = YES;
				CLANG_WARN_ENUM_CONVERSION = YES;
				CLANG_WARN_INT_CONVERSION = YES;
				CLANG_WARN_OBJC_ROOT_CLASS = YES_ERROR;
				CLANG_WARN_UNREACHABLE_CODE = YES;
				CLANG_WARN__DUPLICATE_METHOD_MATCH = YES;
				"CODE_SIGN_IDENTITY[sdk=iphoneos*]" = "iPhone Developer";
				COPY_PHASE_STRIP = NO;
				DEBUG_INFORMATION_FORMAT = "dwarf-with-dsym";
				ENABLE_STRICT_OBJC_MSGSEND = YES;
				GCC_C_LANGUAGE_STANDARD = gnu99;
				GCC_DYNAMIC_NO_PIC = NO;
				GCC_NO_COMMON_BLOCKS = YES;
				GCC_OPTIMIZATION_LEVEL = 0;
				GCC_PREPROCESSOR_DEFINITIONS = (
					"DEBUG=1",
					"$(inherited)",
				);
				GCC_SYMBOLS_PRIVATE_EXTERN = NO;
				GCC_WARN_64_TO_32_BIT_CONVERSION = YES;
				GCC_WARN_ABOUT_RETURN_TYPE = YES_ERROR;
				GCC_WARN_UNDECLARED_SELECTOR = YES;
				GCC_WARN_UNINITIALIZED_AUTOS = YES_AGGRESSIVE;
				GCC_WARN_UNUSED_FUNCTION = YES;
				GCC_WARN_UNUSED_VARIABLE = YES;
				IPHONEOS_DEPLOYMENT_TARGET = 8.4;
				MTL_ENABLE_DEBUG_INFO = YES;
				ONLY_ACTIVE_ARCH = YES;
				SDKROOT = iphoneos;
			};
			name = Debug;
		};
		91985BBB1BAFF85A00FD7144 /* Release */ = {
			isa = XCBuildConfiguration;
			buildSettings = {
				ALWAYS_SEARCH_USER_PATHS = NO;
				CLANG_CXX_LANGUAGE_STANDARD = "gnu++0x";
				CLANG_CXX_LIBRARY = "libc++";
				CLANG_ENABLE_MODULES = YES;
				CLANG_ENABLE_OBJC_ARC = YES;
				CLANG_WARN_BOOL_CONVERSION = YES;
				CLANG_WARN_CONSTANT_CONVERSION = YES;
				CLANG_WARN_DIRECT_OBJC_ISA_USAGE = YES_ERROR;
				CLANG_WARN_EMPTY_BODY = YES;
				CLANG_WARN_ENUM_CONVERSION = YES;
				CLANG_WARN_INT_CONVERSION = YES;
				CLANG_WARN_OBJC_ROOT_CLASS = YES_ERROR;
				CLANG_WARN_UNREACHABLE_CODE = YES;
				CLANG_WARN__DUPLICATE_METHOD_MATCH = YES;
				"CODE_SIGN_IDENTITY[sdk=iphoneos*]" = "iPhone Developer";
				COPY_PHASE_STRIP = NO;
				DEBUG_INFORMATION_FORMAT = "dwarf-with-dsym";
				ENABLE_NS_ASSERTIONS = NO;
				ENABLE_STRICT_OBJC_MSGSEND = YES;
				GCC_C_LANGUAGE_STANDARD = gnu99;
				GCC_NO_COMMON_BLOCKS = YES;
				GCC_WARN_64_TO_32_BIT_CONVERSION = YES;
				GCC_WARN_ABOUT_RETURN_TYPE = YES_ERROR;
				GCC_WARN_UNDECLARED_SELECTOR = YES;
				GCC_WARN_UNINITIALIZED_AUTOS = YES_AGGRESSIVE;
				GCC_WARN_UNUSED_FUNCTION = YES;
				GCC_WARN_UNUSED_VARIABLE = YES;
				IPHONEOS_DEPLOYMENT_TARGET = 8.4;
				MTL_ENABLE_DEBUG_INFO = NO;
				SDKROOT = iphoneos;
				VALIDATE_PRODUCT = YES;
			};
			name = Release;
		};
		91985BBD1BAFF85A00FD7144 /* Debug */ = {
			isa = XCBuildConfiguration;
			buildSettings = {
				ASSETCATALOG_COMPILER_APPICON_NAME = AppIcon;
				INFOPLIST_FILE = Mytableview/Info.plist;
				LD_RUNPATH_SEARCH_PATHS = "$(inherited) @executable_path/Frameworks";
				PRODUCT_NAME = "$(TARGET_NAME)";
			};
			name = Debug;
		};
		91985BBE1BAFF85A00FD7144 /* Release */ = {
			isa = XCBuildConfiguration;
			buildSettings = {
				ASSETCATALOG_COMPILER_APPICON_NAME = AppIcon;
				INFOPLIST_FILE = Mytableview/Info.plist;
				LD_RUNPATH_SEARCH_PATHS = "$(inherited) @executable_path/Frameworks";
				PRODUCT_NAME = "$(TARGET_NAME)";
			};
			name = Release;
		};
		91985BC01BAFF85A00FD7144 /* Debug */ = {
			isa = XCBuildConfiguration;
			buildSettings = {
				BUNDLE_LOADER = "$(TEST_HOST)";
				FRAMEWORK_SEARCH_PATHS = (
					"$(SDKROOT)/Developer/Library/Frameworks",
					"$(inherited)",
				);
				GCC_PREPROCESSOR_DEFINITIONS = (
					"DEBUG=1",
					"$(inherited)",
				);
				INFOPLIST_FILE = MytableviewTests/Info.plist;
				LD_RUNPATH_SEARCH_PATHS = "$(inherited) @executable_path/Frameworks @loader_path/Frameworks";
				PRODUCT_NAME = "$(TARGET_NAME)";
				TEST_HOST = "$(BUILT_PRODUCTS_DIR)/Mytableview.app/Mytableview";
			};
			name = Debug;
		};
		91985BC11BAFF85A00FD7144 /* Release */ = {
			isa = XCBuildConfiguration;
			buildSettings = {
				BUNDLE_LOADER = "$(TEST_HOST)";
				FRAMEWORK_SEARCH_PATHS = (
					"$(SDKROOT)/Developer/Library/Frameworks",
					"$(inherited)",
				);
				INFOPLIST_FILE = MytableviewTests/Info.plist;
				LD_RUNPATH_SEARCH_PATHS = "$(inherited) @executable_path/Frameworks @loader_path/Frameworks";
				PRODUCT_NAME = "$(TARGET_NAME)";
				TEST_HOST = "$(BUILT_PRODUCTS_DIR)/Mytableview.app/Mytableview";
			};
			name = Release;
		};
/* End XCBuildConfiguration section */

/* Begin XCConfigurationList section */
		91985B941BAFF85A00FD7144 /* Build configuration list for PBXProject "Mytableview" */ = {
			isa = XCConfigurationList;
			buildConfigurations = (
				91985BBA1BAFF85A00FD7144 /* Debug */,
				91985BBB1BAFF85A00FD7144 /* Release */,
			);
			defaultConfigurationIsVisible = 0;
			defaultConfigurationName = Release;
		};
		91985BBC1BAFF85A00FD7144 /* Build configuration list for PBXNativeTarget "Mytableview" */ = {
			isa = XCConfigurationList;
			buildConfigurations = (
				91985BBD1BAFF85A00FD7144 /* Debug */,
				91985BBE1BAFF85A00FD7144 /* Release */,
			);
			defaultConfigurationIsVisible = 0;
			defaultConfigurationName = Release;
		};
		91985BBF1BAFF85A00FD7144 /* Build configuration list for PBXNativeTarget "MytableviewTests" */ = {
			isa = XCConfigurationList;
			buildConfigurations = (
				91985BC01BAFF85A00FD7144 /* Debug */,
				91985BC11BAFF85A00FD7144 /* Release */,
			);
			defaultConfigurationIsVisible = 0;
			defaultConfigurationName = Release;
		};
/* End XCConfigurationList section */
	};
	rootObject = 91985B911BAFF85A00FD7144 /* Project object */;
}
